
Microsoft Visual Studio Solution File, Format Version 12.00
# Visual Studio 14
VisualStudioVersion = 14.0.21901.1
MinimumVisualStudioVersion = 10.0.40219.1
Project("{FAE04EC0-301F-11D3-BF4B-00C04F79EFBC}") = "Roslyn", "Roslyn\Roslyn.csproj", "{75D58DFE-9D0A-485B-8C4E-0D5A1A05A012}"
EndProject
Project("{FAE04EC0-301F-11D3-BF4B-00C04F79EFBC}") = "Roslyn.Test", "Roslyn.Test\Roslyn.Test.csproj", "{D31E3151-B2A8-499F-993A-42F2B83DFD70}"
EndProject
Global
	GlobalSection(SolutionConfigurationPlatforms) = preSolution
		Debug|Any CPU = Debug|Any CPU
		Release|Any CPU = Release|Any CPU
	EndGlobalSection
	GlobalSection(ProjectConfigurationPlatforms) = postSolution
		{75D58DFE-9D0A-485B-8C4E-0D5A1A05A012}.Debug|Any CPU.ActiveCfg = Debug|Any CPU
		{75D58DFE-9D0A-485B-8C4E-0D5A1A05A012}.Debug|Any CPU.Build.0 = Debug|Any CPU
		{75D58DFE-9D0A-485B-8C4E-0D5A1A05A012}.Release|Any CPU.ActiveCfg = Release|Any CPU
		{75D58DFE-9D0A-485B-8C4E-0D5A1A05A012}.Release|Any CPU.Build.0 = Release|Any CPU
		{D31E3151-B2A8-499F-993A-42F2B83DFD70}.Debug|Any CPU.ActiveCfg = Debug|Any CPU
		{D31E3151-B2A8-499F-993A-42F2B83DFD70}.Debug|Any CPU.Build.0 = Debug|Any CPU
		{D31E3151-B2A8-499F-993A-42F2B83DFD70}.Release|Any CPU.ActiveCfg = Release|Any CPU
		{D31E3151-B2A8-499F-993A-42F2B83DFD70}.Release|Any CPU.Build.0 = Release|Any CPU
	EndGlobalSection
	GlobalSection(SolutionProperties) = preSolution
		HideSolutionNode = FALSE
	EndGlobalSection
EndGlobal
